
Microsoft Visual Studio Solution File, Format Version 12.00
# Visual Studio 2012
Project("{FAE04EC0-301F-11D3-BF4B-00C04F79EFBC}") = "TaskQueue", "TaskQueue\TaskQueue.csproj", "{221947D1-8926-463D-863C-AD6323E9CFD4}"
EndProject
Project("{FAE04EC0-301F-11D3-BF4B-00C04F79EFBC}") = "TaskBroker", "TaskBroker\TaskBroker.csproj", "{68AFD08F-6CEC-463C-83AD-737F30C2F40B}"
EndProject
Project("{FAE04EC0-301F-11D3-BF4B-00C04F79EFBC}") = "TaskScheduler", "TaskScheduler\TaskScheduler.csproj", "{71D36B0A-382D-4FCF-95AF-67CFEA21887D}"
EndProject
Project("{FAE04EC0-301F-11D3-BF4B-00C04F79EFBC}") = "TApp", "TApp\TApp.csproj", "{5BA10E18-0866-4FD3-9FE9-5381B939807F}"
EndProject
Project("{FAE04EC0-301F-11D3-BF4B-00C04F79EFBC}") = "QueueService", "QueueService\QueueService.csproj", "{9CA84F01-7A31-4037-8C46-C9A9E958AB6A}"
EndProject
Project("{FAE04EC0-301F-11D3-BF4B-00C04F79EFBC}") = "MSSQLQueue", "MSSQLQueue\MSSQLQueue.csproj", "{DAB980A3-A5E0-4FFB-B591-99CC4DA68FA5}"
EndProject
Project("{FAE04EC0-301F-11D3-BF4B-00C04F79EFBC}") = "MongoQueue", "MongoQueue\MongoQueue.csproj", "{C250A799-20AF-494D-BA51-32AD41A376BB}"
EndProject
Project("{FAE04EC0-301F-11D3-BF4B-00C04F79EFBC}") = "EmailConsumer", "EmailConsumer\EmailConsumer.csproj", "{5DBA37C6-47D8-4D74-A34B-4FC55C2CF350}"
EndProject
Project("{FAE04EC0-301F-11D3-BF4B-00C04F79EFBC}") = "Dllwithotrefs", "Dllwithotrefs\Dllwithotrefs.csproj", "{AC1D795C-FC05-424E-93F5-68907686BED5}"
EndProject
Project("{FAE04EC0-301F-11D3-BF4B-00C04F79EFBC}") = "BBQ", "BBQ\BBQ.csproj", "{9218EFEF-B302-47B5-80C4-AEC86A0A45DC}"
EndProject
Project("{FAE04EC0-301F-11D3-BF4B-00C04F79EFBC}") = "FileContentArchive", "ZipStorage\FileContentArchive.csproj", "{5C45CDBA-1AAC-4349-8D42-28B7AD794BA0}"
EndProject
Project("{FAE04EC0-301F-11D3-BF4B-00C04F79EFBC}") = "ICSharpCode.SharpZLib", "SharpZipLib\ICSharpCode.SharpZLib.csproj", "{0E7413FF-EB9E-4714-ACF2-BE3A6A7B2FFD}"
EndProject
Project("{FAE04EC0-301F-11D3-BF4B-00C04F79EFBC}") = "Tests", "Tests\Tests.csproj", "{E5FB0C61-EAD6-4898-B05B-E93A2BB85F56}"
EndProject
Global
	GlobalSection(SolutionConfigurationPlatforms) = preSolution
		Debug|Any CPU = Debug|Any CPU
		Release|Any CPU = Release|Any CPU
	EndGlobalSection
	GlobalSection(ProjectConfigurationPlatforms) = postSolution
		{221947D1-8926-463D-863C-AD6323E9CFD4}.Debug|Any CPU.ActiveCfg = Debug|Any CPU
		{221947D1-8926-463D-863C-AD6323E9CFD4}.Debug|Any CPU.Build.0 = Debug|Any CPU
		{221947D1-8926-463D-863C-AD6323E9CFD4}.Release|Any CPU.ActiveCfg = Release|Any CPU
		{221947D1-8926-463D-863C-AD6323E9CFD4}.Release|Any CPU.Build.0 = Release|Any CPU
		{68AFD08F-6CEC-463C-83AD-737F30C2F40B}.Debug|Any CPU.ActiveCfg = Debug|Any CPU
		{68AFD08F-6CEC-463C-83AD-737F30C2F40B}.Debug|Any CPU.Build.0 = Debug|Any CPU
		{68AFD08F-6CEC-463C-83AD-737F30C2F40B}.Release|Any CPU.ActiveCfg = Release|Any CPU
		{68AFD08F-6CEC-463C-83AD-737F30C2F40B}.Release|Any CPU.Build.0 = Release|Any CPU
		{71D36B0A-382D-4FCF-95AF-67CFEA21887D}.Debug|Any CPU.ActiveCfg = Debug|Any CPU
		{71D36B0A-382D-4FCF-95AF-67CFEA21887D}.Debug|Any CPU.Build.0 = Debug|Any CPU
		{71D36B0A-382D-4FCF-95AF-67CFEA21887D}.Release|Any CPU.ActiveCfg = Release|Any CPU
		{71D36B0A-382D-4FCF-95AF-67CFEA21887D}.Release|Any CPU.Build.0 = Release|Any CPU
		{5BA10E18-0866-4FD3-9FE9-5381B939807F}.Debug|Any CPU.ActiveCfg = Debug|Any CPU
		{5BA10E18-0866-4FD3-9FE9-5381B939807F}.Debug|Any CPU.Build.0 = Debug|Any CPU
		{5BA10E18-0866-4FD3-9FE9-5381B939807F}.Release|Any CPU.ActiveCfg = Release|Any CPU
		{5BA10E18-0866-4FD3-9FE9-5381B939807F}.Release|Any CPU.Build.0 = Release|Any CPU
		{9CA84F01-7A31-4037-8C46-C9A9E958AB6A}.Debug|Any CPU.ActiveCfg = Debug|Any CPU
		{9CA84F01-7A31-4037-8C46-C9A9E958AB6A}.Debug|Any CPU.Build.0 = Debug|Any CPU
		{9CA84F01-7A31-4037-8C46-C9A9E958AB6A}.Release|Any CPU.ActiveCfg = Release|Any CPU
		{9CA84F01-7A31-4037-8C46-C9A9E958AB6A}.Release|Any CPU.Build.0 = Release|Any CPU
		{DAB980A3-A5E0-4FFB-B591-99CC4DA68FA5}.Debug|Any CPU.ActiveCfg = Debug|Any CPU
		{DAB980A3-A5E0-4FFB-B591-99CC4DA68FA5}.Debug|Any CPU.Build.0 = Debug|Any CPU
		{DAB980A3-A5E0-4FFB-B591-99CC4DA68FA5}.Release|Any CPU.ActiveCfg = Release|Any CPU
		{DAB980A3-A5E0-4FFB-B591-99CC4DA68FA5}.Release|Any CPU.Build.0 = Release|Any CPU
		{C250A799-20AF-494D-BA51-32AD41A376BB}.Debug|Any CPU.ActiveCfg = Debug|Any CPU
		{C250A799-20AF-494D-BA51-32AD41A376BB}.Debug|Any CPU.Build.0 = Debug|Any CPU
		{C250A799-20AF-494D-BA51-32AD41A376BB}.Release|Any CPU.ActiveCfg = Release|Any CPU
		{C250A799-20AF-494D-BA51-32AD41A376BB}.Release|Any CPU.Build.0 = Release|Any CPU
		{5DBA37C6-47D8-4D74-A34B-4FC55C2CF350}.Debug|Any CPU.ActiveCfg = Debug|Any CPU
		{5DBA37C6-47D8-4D74-A34B-4FC55C2CF350}.Debug|Any CPU.Build.0 = Debug|Any CPU
		{5DBA37C6-47D8-4D74-A34B-4FC55C2CF350}.Release|Any CPU.ActiveCfg = Release|Any CPU
		{5DBA37C6-47D8-4D74-A34B-4FC55C2CF350}.Release|Any CPU.Build.0 = Release|Any CPU
		{AC1D795C-FC05-424E-93F5-68907686BED5}.Debug|Any CPU.ActiveCfg = Debug|Any CPU
		{AC1D795C-FC05-424E-93F5-68907686BED5}.Debug|Any CPU.Build.0 = Debug|Any CPU
		{AC1D795C-FC05-424E-93F5-68907686BED5}.Release|Any CPU.ActiveCfg = Release|Any CPU
		{AC1D795C-FC05-424E-93F5-68907686BED5}.Release|Any CPU.Build.0 = Release|Any CPU
		{9218EFEF-B302-47B5-80C4-AEC86A0A45DC}.Debug|Any CPU.ActiveCfg = Debug|Any CPU
		{9218EFEF-B302-47B5-80C4-AEC86A0A45DC}.Debug|Any CPU.Build.0 = Debug|Any CPU
		{9218EFEF-B302-47B5-80C4-AEC86A0A45DC}.Release|Any CPU.ActiveCfg = Release|Any CPU
		{9218EFEF-B302-47B5-80C4-AEC86A0A45DC}.Release|Any CPU.Build.0 = Release|Any CPU
		{5C45CDBA-1AAC-4349-8D42-28B7AD794BA0}.Debug|Any CPU.ActiveCfg = Debug|Any CPU
		{5C45CDBA-1AAC-4349-8D42-28B7AD794BA0}.Debug|Any CPU.Build.0 = Debug|Any CPU
		{5C45CDBA-1AAC-4349-8D42-28B7AD794BA0}.Release|Any CPU.ActiveCfg = Release|Any CPU
		{5C45CDBA-1AAC-4349-8D42-28B7AD794BA0}.Release|Any CPU.Build.0 = Release|Any CPU
		{0E7413FF-EB9E-4714-ACF2-BE3A6A7B2FFD}.Debug|Any CPU.ActiveCfg = Debug|Any CPU
		{0E7413FF-EB9E-4714-ACF2-BE3A6A7B2FFD}.Debug|Any CPU.Build.0 = Debug|Any CPU
		{0E7413FF-EB9E-4714-ACF2-BE3A6A7B2FFD}.Release|Any CPU.ActiveCfg = Release|Any CPU
		{0E7413FF-EB9E-4714-ACF2-BE3A6A7B2FFD}.Release|Any CPU.Build.0 = Release|Any CPU
		{E5FB0C61-EAD6-4898-B05B-E93A2BB85F56}.Debug|Any CPU.ActiveCfg = Debug|Any CPU
		{E5FB0C61-EAD6-4898-B05B-E93A2BB85F56}.Debug|Any CPU.Build.0 = Debug|Any CPU
		{E5FB0C61-EAD6-4898-B05B-E93A2BB85F56}.Release|Any CPU.ActiveCfg = Release|Any CPU
		{E5FB0C61-EAD6-4898-B05B-E93A2BB85F56}.Release|Any CPU.Build.0 = Release|Any CPU
	EndGlobalSection
	GlobalSection(SolutionProperties) = preSolution
		HideSolutionNode = FALSE
	EndGlobalSection
EndGlobal
