
Microsoft Visual Studio Solution File, Format Version 12.00
# Visual Studio 2012
Project("{FAE04EC0-301F-11D3-BF4B-00C04F79EFBC}") = "BBQ", "BBQ\BBQ.csproj", "{9218EFEF-B302-47B5-80C4-AEC86A0A45DC}"
EndProject
Project("{FAE04EC0-301F-11D3-BF4B-00C04F79EFBC}") = "Tests", "Tests\Tests.csproj", "{E5FB0C61-EAD6-4898-B05B-E93A2BB85F56}"
EndProject
Project("{2150E333-8FDC-42A3-9474-1A3956D46DE8}") = ".nuget", ".nuget", "{312B5A77-D30E-42D6-BE1E-2E5970550663}"
	ProjectSection(SolutionItems) = preProject
		.nuget\NuGet.Config = .nuget\NuGet.Config
		.nuget\NuGet.exe = .nuget\NuGet.exe
		.nuget\NuGet.targets = .nuget\NuGet.targets
	EndProjectSection
EndProject
Project("{2150E333-8FDC-42A3-9474-1A3956D46DE8}") = "Clients", "Clients", "{E3B3D630-918E-4CCA-8A55-F06F5B1D96B5}"
EndProject
Project("{FAE04EC0-301F-11D3-BF4B-00C04F79EFBC}") = "BulkMails", "BulkMails\BulkMails.csproj", "{9D8465B0-3F9E-42AA-9B80-D0A218EB5843}"
EndProject
Project("{FAE04EC0-301F-11D3-BF4B-00C04F79EFBC}") = "TaskClient", "TaskClient\TaskClient.csproj", "{A2A2559D-7309-417D-964B-7E3E65554791}"
EndProject
Project("{2150E333-8FDC-42A3-9474-1A3956D46DE8}") = "Platform", "Platform", "{CF76FA13-78C8-4BB4-963A-87D900E56852}"
EndProject
Project("{FAE04EC0-301F-11D3-BF4B-00C04F79EFBC}") = "TaskBroker", "TaskBroker\TaskBroker.csproj", "{68AFD08F-6CEC-463C-83AD-737F30C2F40B}"
EndProject
Project("{FAE04EC0-301F-11D3-BF4B-00C04F79EFBC}") = "TaskScheduler", "TaskScheduler\TaskScheduler.csproj", "{71D36B0A-382D-4FCF-95AF-67CFEA21887D}"
EndProject
Project("{FAE04EC0-301F-11D3-BF4B-00C04F79EFBC}") = "TApp", "TApp\TApp.csproj", "{5BA10E18-0866-4FD3-9FE9-5381B939807F}"
EndProject
Project("{FAE04EC0-301F-11D3-BF4B-00C04F79EFBC}") = "FileContentArchive", "ZipStorage\FileContentArchive.csproj", "{5C45CDBA-1AAC-4349-8D42-28B7AD794BA0}"
EndProject
Project("{FAE04EC0-301F-11D3-BF4B-00C04F79EFBC}") = "ICSharpCode.SharpZLib", "SharpZipLib\ICSharpCode.SharpZLib.csproj", "{0E7413FF-EB9E-4714-ACF2-BE3A6A7B2FFD}"
EndProject
Project("{FAE04EC0-301F-11D3-BF4B-00C04F79EFBC}") = "SourceControl", "SourceControl\SourceControl.csproj", "{B0AFEE79-B1AF-48C4-9FFD-638F638C2C00}"
EndProject
Project("{FAE04EC0-301F-11D3-BF4B-00C04F79EFBC}") = "TaskQueue", "TaskQueue\TaskQueue.csproj", "{221947D1-8926-463D-863C-AD6323E9CFD4}"
EndProject
Project("{FAE04EC0-301F-11D3-BF4B-00C04F79EFBC}") = "updateModulePackage", "updateModulePackage\updateModulePackage.csproj", "{F3FDC53E-31BE-4324-8EAA-DBA3599463BC}"
EndProject
Project("{FAE04EC0-301F-11D3-BF4B-00C04F79EFBC}") = "TaskUniversum", "TaskUniversum\TaskUniversum.csproj", "{CB666077-A79E-403E-BC4E-6C7CF4A9742D}"
EndProject
Project("{2150E333-8FDC-42A3-9474-1A3956D46DE8}") = "Modules", "Modules", "{0CCF363C-3890-4B89-928D-B50C4E43FFFE}"
EndProject
Project("{FAE04EC0-301F-11D3-BF4B-00C04F79EFBC}") = "EmailConsumer", "EmailConsumer\EmailConsumer.csproj", "{5DBA37C6-47D8-4D74-A34B-4FC55C2CF350}"
EndProject
Project("{FAE04EC0-301F-11D3-BF4B-00C04F79EFBC}") = "QueueService", "QueueService\QueueService.csproj", "{9CA84F01-7A31-4037-8C46-C9A9E958AB6A}"
EndProject
Project("{2150E333-8FDC-42A3-9474-1A3956D46DE8}") = "Queues", "Queues", "{15132F1F-E8B6-4F26-9A9A-61FC52B1714C}"
EndProject
Project("{FAE04EC0-301F-11D3-BF4B-00C04F79EFBC}") = "MongoQueue", "MongoQueue\MongoQueue.csproj", "{C250A799-20AF-494D-BA51-32AD41A376BB}"
EndProject
Project("{FAE04EC0-301F-11D3-BF4B-00C04F79EFBC}") = "MSSQLQueue", "MSSQLQueue\MSSQLQueue.csproj", "{DAB980A3-A5E0-4FFB-B591-99CC4DA68FA5}"
EndProject
Project("{2150E333-8FDC-42A3-9474-1A3956D46DE8}") = "build_deploy", "build_deploy", "{944F6FA8-C7C0-4288-913D-DD101642F609}"
	ProjectSection(SolutionItems) = preProject
		build_deploy\create_BBQ_static_html.bat = build_deploy\create_BBQ_static_html.bat
		build_deploy\create_BBQ_static_html.cs = build_deploy\create_BBQ_static_html.cs
	EndProjectSection
EndProject
Project("{FAE04EC0-301F-11D3-BF4B-00C04F79EFBC}") = "BenchModules", "BenchModules\BenchModules.csproj", "{37D40112-530A-4284-842B-3493D25054CF}"
EndProject
Project("{FAE04EC0-301F-11D3-BF4B-00C04F79EFBC}") = "BenchWriter", "BenchWriter\BenchWriter.csproj", "{252E08D5-4DD0-4731-B5A5-151637ABE5F3}"
EndProject
Global
	GlobalSection(SolutionConfigurationPlatforms) = preSolution
		Debug|Any CPU = Debug|Any CPU
		Release|Any CPU = Release|Any CPU
	EndGlobalSection
	GlobalSection(ProjectConfigurationPlatforms) = postSolution
		{9218EFEF-B302-47B5-80C4-AEC86A0A45DC}.Debug|Any CPU.ActiveCfg = Debug|Any CPU
		{9218EFEF-B302-47B5-80C4-AEC86A0A45DC}.Debug|Any CPU.Build.0 = Debug|Any CPU
		{9218EFEF-B302-47B5-80C4-AEC86A0A45DC}.Release|Any CPU.ActiveCfg = Release|Any CPU
		{9218EFEF-B302-47B5-80C4-AEC86A0A45DC}.Release|Any CPU.Build.0 = Release|Any CPU
		{E5FB0C61-EAD6-4898-B05B-E93A2BB85F56}.Debug|Any CPU.ActiveCfg = Debug|Any CPU
		{E5FB0C61-EAD6-4898-B05B-E93A2BB85F56}.Debug|Any CPU.Build.0 = Debug|Any CPU
		{E5FB0C61-EAD6-4898-B05B-E93A2BB85F56}.Release|Any CPU.ActiveCfg = Release|Any CPU
		{E5FB0C61-EAD6-4898-B05B-E93A2BB85F56}.Release|Any CPU.Build.0 = Release|Any CPU
		{9D8465B0-3F9E-42AA-9B80-D0A218EB5843}.Debug|Any CPU.ActiveCfg = Debug|Any CPU
		{9D8465B0-3F9E-42AA-9B80-D0A218EB5843}.Debug|Any CPU.Build.0 = Debug|Any CPU
		{9D8465B0-3F9E-42AA-9B80-D0A218EB5843}.Release|Any CPU.ActiveCfg = Release|Any CPU
		{9D8465B0-3F9E-42AA-9B80-D0A218EB5843}.Release|Any CPU.Build.0 = Release|Any CPU
		{A2A2559D-7309-417D-964B-7E3E65554791}.Debug|Any CPU.ActiveCfg = Debug|Any CPU
		{A2A2559D-7309-417D-964B-7E3E65554791}.Debug|Any CPU.Build.0 = Debug|Any CPU
		{A2A2559D-7309-417D-964B-7E3E65554791}.Release|Any CPU.ActiveCfg = Release|Any CPU
		{A2A2559D-7309-417D-964B-7E3E65554791}.Release|Any CPU.Build.0 = Release|Any CPU
		{68AFD08F-6CEC-463C-83AD-737F30C2F40B}.Debug|Any CPU.ActiveCfg = Debug|Any CPU
		{68AFD08F-6CEC-463C-83AD-737F30C2F40B}.Debug|Any CPU.Build.0 = Debug|Any CPU
		{68AFD08F-6CEC-463C-83AD-737F30C2F40B}.Release|Any CPU.ActiveCfg = Release|Any CPU
		{68AFD08F-6CEC-463C-83AD-737F30C2F40B}.Release|Any CPU.Build.0 = Release|Any CPU
		{71D36B0A-382D-4FCF-95AF-67CFEA21887D}.Debug|Any CPU.ActiveCfg = Debug|Any CPU
		{71D36B0A-382D-4FCF-95AF-67CFEA21887D}.Debug|Any CPU.Build.0 = Debug|Any CPU
		{71D36B0A-382D-4FCF-95AF-67CFEA21887D}.Release|Any CPU.ActiveCfg = Release|Any CPU
		{71D36B0A-382D-4FCF-95AF-67CFEA21887D}.Release|Any CPU.Build.0 = Release|Any CPU
		{5BA10E18-0866-4FD3-9FE9-5381B939807F}.Debug|Any CPU.ActiveCfg = Debug|Any CPU
		{5BA10E18-0866-4FD3-9FE9-5381B939807F}.Debug|Any CPU.Build.0 = Debug|Any CPU
		{5BA10E18-0866-4FD3-9FE9-5381B939807F}.Release|Any CPU.ActiveCfg = Release|Any CPU
		{5BA10E18-0866-4FD3-9FE9-5381B939807F}.Release|Any CPU.Build.0 = Release|Any CPU
		{5C45CDBA-1AAC-4349-8D42-28B7AD794BA0}.Debug|Any CPU.ActiveCfg = Debug|Any CPU
		{5C45CDBA-1AAC-4349-8D42-28B7AD794BA0}.Debug|Any CPU.Build.0 = Debug|Any CPU
		{5C45CDBA-1AAC-4349-8D42-28B7AD794BA0}.Release|Any CPU.ActiveCfg = Release|Any CPU
		{5C45CDBA-1AAC-4349-8D42-28B7AD794BA0}.Release|Any CPU.Build.0 = Release|Any CPU
		{0E7413FF-EB9E-4714-ACF2-BE3A6A7B2FFD}.Debug|Any CPU.ActiveCfg = Debug|Any CPU
		{0E7413FF-EB9E-4714-ACF2-BE3A6A7B2FFD}.Debug|Any CPU.Build.0 = Debug|Any CPU
		{0E7413FF-EB9E-4714-ACF2-BE3A6A7B2FFD}.Release|Any CPU.ActiveCfg = Release|Any CPU
		{0E7413FF-EB9E-4714-ACF2-BE3A6A7B2FFD}.Release|Any CPU.Build.0 = Release|Any CPU
		{B0AFEE79-B1AF-48C4-9FFD-638F638C2C00}.Debug|Any CPU.ActiveCfg = Debug|Any CPU
		{B0AFEE79-B1AF-48C4-9FFD-638F638C2C00}.Debug|Any CPU.Build.0 = Debug|Any CPU
		{B0AFEE79-B1AF-48C4-9FFD-638F638C2C00}.Release|Any CPU.ActiveCfg = Release|Any CPU
		{B0AFEE79-B1AF-48C4-9FFD-638F638C2C00}.Release|Any CPU.Build.0 = Release|Any CPU
		{221947D1-8926-463D-863C-AD6323E9CFD4}.Debug|Any CPU.ActiveCfg = Debug|Any CPU
		{221947D1-8926-463D-863C-AD6323E9CFD4}.Debug|Any CPU.Build.0 = Debug|Any CPU
		{221947D1-8926-463D-863C-AD6323E9CFD4}.Release|Any CPU.ActiveCfg = Release|Any CPU
		{221947D1-8926-463D-863C-AD6323E9CFD4}.Release|Any CPU.Build.0 = Release|Any CPU
		{F3FDC53E-31BE-4324-8EAA-DBA3599463BC}.Debug|Any CPU.ActiveCfg = Debug|Any CPU
		{F3FDC53E-31BE-4324-8EAA-DBA3599463BC}.Debug|Any CPU.Build.0 = Debug|Any CPU
		{F3FDC53E-31BE-4324-8EAA-DBA3599463BC}.Release|Any CPU.ActiveCfg = Release|Any CPU
		{F3FDC53E-31BE-4324-8EAA-DBA3599463BC}.Release|Any CPU.Build.0 = Release|Any CPU
		{CB666077-A79E-403E-BC4E-6C7CF4A9742D}.Debug|Any CPU.ActiveCfg = Debug|Any CPU
		{CB666077-A79E-403E-BC4E-6C7CF4A9742D}.Debug|Any CPU.Build.0 = Debug|Any CPU
		{CB666077-A79E-403E-BC4E-6C7CF4A9742D}.Release|Any CPU.ActiveCfg = Release|Any CPU
		{CB666077-A79E-403E-BC4E-6C7CF4A9742D}.Release|Any CPU.Build.0 = Release|Any CPU
		{5DBA37C6-47D8-4D74-A34B-4FC55C2CF350}.Debug|Any CPU.ActiveCfg = Debug|Any CPU
		{5DBA37C6-47D8-4D74-A34B-4FC55C2CF350}.Debug|Any CPU.Build.0 = Debug|Any CPU
		{5DBA37C6-47D8-4D74-A34B-4FC55C2CF350}.Release|Any CPU.ActiveCfg = Release|Any CPU
		{5DBA37C6-47D8-4D74-A34B-4FC55C2CF350}.Release|Any CPU.Build.0 = Release|Any CPU
		{9CA84F01-7A31-4037-8C46-C9A9E958AB6A}.Debug|Any CPU.ActiveCfg = Debug|Any CPU
		{9CA84F01-7A31-4037-8C46-C9A9E958AB6A}.Debug|Any CPU.Build.0 = Debug|Any CPU
		{9CA84F01-7A31-4037-8C46-C9A9E958AB6A}.Release|Any CPU.ActiveCfg = Release|Any CPU
		{9CA84F01-7A31-4037-8C46-C9A9E958AB6A}.Release|Any CPU.Build.0 = Release|Any CPU
		{C250A799-20AF-494D-BA51-32AD41A376BB}.Debug|Any CPU.ActiveCfg = Debug|Any CPU
		{C250A799-20AF-494D-BA51-32AD41A376BB}.Debug|Any CPU.Build.0 = Debug|Any CPU
		{C250A799-20AF-494D-BA51-32AD41A376BB}.Release|Any CPU.ActiveCfg = Release|Any CPU
		{C250A799-20AF-494D-BA51-32AD41A376BB}.Release|Any CPU.Build.0 = Release|Any CPU
		{DAB980A3-A5E0-4FFB-B591-99CC4DA68FA5}.Debug|Any CPU.ActiveCfg = Debug|Any CPU
		{DAB980A3-A5E0-4FFB-B591-99CC4DA68FA5}.Debug|Any CPU.Build.0 = Debug|Any CPU
		{DAB980A3-A5E0-4FFB-B591-99CC4DA68FA5}.Release|Any CPU.ActiveCfg = Release|Any CPU
		{DAB980A3-A5E0-4FFB-B591-99CC4DA68FA5}.Release|Any CPU.Build.0 = Release|Any CPU
		{37D40112-530A-4284-842B-3493D25054CF}.Debug|Any CPU.ActiveCfg = Debug|Any CPU
		{37D40112-530A-4284-842B-3493D25054CF}.Debug|Any CPU.Build.0 = Debug|Any CPU
		{37D40112-530A-4284-842B-3493D25054CF}.Release|Any CPU.ActiveCfg = Release|Any CPU
		{37D40112-530A-4284-842B-3493D25054CF}.Release|Any CPU.Build.0 = Release|Any CPU
		{252E08D5-4DD0-4731-B5A5-151637ABE5F3}.Debug|Any CPU.ActiveCfg = Debug|Any CPU
		{252E08D5-4DD0-4731-B5A5-151637ABE5F3}.Debug|Any CPU.Build.0 = Debug|Any CPU
		{252E08D5-4DD0-4731-B5A5-151637ABE5F3}.Release|Any CPU.ActiveCfg = Release|Any CPU
		{252E08D5-4DD0-4731-B5A5-151637ABE5F3}.Release|Any CPU.Build.0 = Release|Any CPU
	EndGlobalSection
	GlobalSection(SolutionProperties) = preSolution
		HideSolutionNode = FALSE
	EndGlobalSection
	GlobalSection(NestedProjects) = preSolution
		{9D8465B0-3F9E-42AA-9B80-D0A218EB5843} = {E3B3D630-918E-4CCA-8A55-F06F5B1D96B5}
		{A2A2559D-7309-417D-964B-7E3E65554791} = {E3B3D630-918E-4CCA-8A55-F06F5B1D96B5}
		{252E08D5-4DD0-4731-B5A5-151637ABE5F3} = {E3B3D630-918E-4CCA-8A55-F06F5B1D96B5}
		{68AFD08F-6CEC-463C-83AD-737F30C2F40B} = {CF76FA13-78C8-4BB4-963A-87D900E56852}
		{71D36B0A-382D-4FCF-95AF-67CFEA21887D} = {CF76FA13-78C8-4BB4-963A-87D900E56852}
		{5BA10E18-0866-4FD3-9FE9-5381B939807F} = {CF76FA13-78C8-4BB4-963A-87D900E56852}
		{5C45CDBA-1AAC-4349-8D42-28B7AD794BA0} = {CF76FA13-78C8-4BB4-963A-87D900E56852}
		{0E7413FF-EB9E-4714-ACF2-BE3A6A7B2FFD} = {CF76FA13-78C8-4BB4-963A-87D900E56852}
		{B0AFEE79-B1AF-48C4-9FFD-638F638C2C00} = {CF76FA13-78C8-4BB4-963A-87D900E56852}
		{221947D1-8926-463D-863C-AD6323E9CFD4} = {CF76FA13-78C8-4BB4-963A-87D900E56852}
		{F3FDC53E-31BE-4324-8EAA-DBA3599463BC} = {CF76FA13-78C8-4BB4-963A-87D900E56852}
		{CB666077-A79E-403E-BC4E-6C7CF4A9742D} = {CF76FA13-78C8-4BB4-963A-87D900E56852}
		{5DBA37C6-47D8-4D74-A34B-4FC55C2CF350} = {0CCF363C-3890-4B89-928D-B50C4E43FFFE}
		{9CA84F01-7A31-4037-8C46-C9A9E958AB6A} = {0CCF363C-3890-4B89-928D-B50C4E43FFFE}
		{37D40112-530A-4284-842B-3493D25054CF} = {0CCF363C-3890-4B89-928D-B50C4E43FFFE}
		{C250A799-20AF-494D-BA51-32AD41A376BB} = {15132F1F-E8B6-4F26-9A9A-61FC52B1714C}
		{DAB980A3-A5E0-4FFB-B591-99CC4DA68FA5} = {15132F1F-E8B6-4F26-9A9A-61FC52B1714C}
	EndGlobalSection
	GlobalSection(MonoDevelopProperties) = preSolution
		StartupItem = TApp\TApp.csproj
	EndGlobalSection
EndGlobal
